
Microsoft Visual Studio Solution File, Format Version 12.00
# Visual Studio 15
VisualStudioVersion = 15.0.27130.2026
MinimumVisualStudioVersion = 10.0.40219.1
Project("{2150E333-8FDC-42A3-9474-1A3956D46DE8}") = "1. Api", "1. Api", "{53A39A1C-C0BA-446C-873B-4123A12D9A91}"
EndProject
Project("{2150E333-8FDC-42A3-9474-1A3956D46DE8}") = "2. Application", "2. Application", "{4BA2C5D4-569C-4E20-AF0D-E6ABDB79875F}"
EndProject
Project("{2150E333-8FDC-42A3-9474-1A3956D46DE8}") = "3. Domain", "3. Domain", "{51CEF2D9-098E-41A4-9655-80A8C948B42D}"
EndProject
Project("{2150E333-8FDC-42A3-9474-1A3956D46DE8}") = "4. Infrastructure", "4. Infrastructure", "{2230AE35-F53A-456F-ABA8-3503991A9E1C}"
EndProject
Project("{2150E333-8FDC-42A3-9474-1A3956D46DE8}") = "4.1 Persistence", "4.1 Persistence", "{77CDE7D8-93C0-450E-8C50-0E52C112CF44}"
EndProject
Project("{2150E333-8FDC-42A3-9474-1A3956D46DE8}") = "4.2 CrossCutting", "4.2 CrossCutting", "{98F59C09-9347-48BF-90FA-D2F4DDBB0689}"
EndProject
Project("{FAE04EC0-301F-11D3-BF4B-00C04F79EFBC}") = "Domain", "Domain\Domain.csproj", "{B8EF1697-657E-4A85-BBE9-7B6D11A647FD}"
EndProject
Project("{FAE04EC0-301F-11D3-BF4B-00C04F79EFBC}") = "Repository", "Repository\Repository.csproj", "{DB2910F0-C00B-4EBF-BB97-D0D5C20C8021}"
EndProject
Project("{FAE04EC0-301F-11D3-BF4B-00C04F79EFBC}") = "DataAccess", "DataAccess\DataAccess.csproj", "{328B6993-9E4C-4173-A77F-C90AA6412B27}"
EndProject
Project("{FAE04EC0-301F-11D3-BF4B-00C04F79EFBC}") = "IoC", "IoC\IoC.csproj", "{27ED042C-23F5-4439-B4CB-FCB28731365B}"
EndProject
Project("{FAE04EC0-301F-11D3-BF4B-00C04F79EFBC}") = "Api", "Api\Api.csproj", "{649C9032-F148-4062-BC69-37B48CDDD7D4}"
EndProject
Global
	GlobalSection(SolutionConfigurationPlatforms) = preSolution
		Debug|Any CPU = Debug|Any CPU
		Release|Any CPU = Release|Any CPU
	EndGlobalSection
	GlobalSection(ProjectConfigurationPlatforms) = postSolution
		{B8EF1697-657E-4A85-BBE9-7B6D11A647FD}.Debug|Any CPU.ActiveCfg = Debug|Any CPU
		{B8EF1697-657E-4A85-BBE9-7B6D11A647FD}.Debug|Any CPU.Build.0 = Debug|Any CPU
		{B8EF1697-657E-4A85-BBE9-7B6D11A647FD}.Release|Any CPU.ActiveCfg = Release|Any CPU
		{B8EF1697-657E-4A85-BBE9-7B6D11A647FD}.Release|Any CPU.Build.0 = Release|Any CPU
		{DB2910F0-C00B-4EBF-BB97-D0D5C20C8021}.Debug|Any CPU.ActiveCfg = Debug|Any CPU
		{DB2910F0-C00B-4EBF-BB97-D0D5C20C8021}.Debug|Any CPU.Build.0 = Debug|Any CPU
		{DB2910F0-C00B-4EBF-BB97-D0D5C20C8021}.Release|Any CPU.ActiveCfg = Release|Any CPU
		{DB2910F0-C00B-4EBF-BB97-D0D5C20C8021}.Release|Any CPU.Build.0 = Release|Any CPU
		{328B6993-9E4C-4173-A77F-C90AA6412B27}.Debug|Any CPU.ActiveCfg = Debug|Any CPU
		{328B6993-9E4C-4173-A77F-C90AA6412B27}.Debug|Any CPU.Build.0 = Debug|Any CPU
		{328B6993-9E4C-4173-A77F-C90AA6412B27}.Release|Any CPU.ActiveCfg = Release|Any CPU
		{328B6993-9E4C-4173-A77F-C90AA6412B27}.Release|Any CPU.Build.0 = Release|Any CPU
		{27ED042C-23F5-4439-B4CB-FCB28731365B}.Debug|Any CPU.ActiveCfg = Debug|Any CPU
		{27ED042C-23F5-4439-B4CB-FCB28731365B}.Debug|Any CPU.Build.0 = Debug|Any CPU
		{27ED042C-23F5-4439-B4CB-FCB28731365B}.Release|Any CPU.ActiveCfg = Release|Any CPU
		{27ED042C-23F5-4439-B4CB-FCB28731365B}.Release|Any CPU.Build.0 = Release|Any CPU
		{649C9032-F148-4062-BC69-37B48CDDD7D4}.Debug|Any CPU.ActiveCfg = Debug|Any CPU
		{649C9032-F148-4062-BC69-37B48CDDD7D4}.Debug|Any CPU.Build.0 = Debug|Any CPU
		{649C9032-F148-4062-BC69-37B48CDDD7D4}.Release|Any CPU.ActiveCfg = Release|Any CPU
		{649C9032-F148-4062-BC69-37B48CDDD7D4}.Release|Any CPU.Build.0 = Release|Any CPU
	EndGlobalSection
	GlobalSection(SolutionProperties) = preSolution
		HideSolutionNode = FALSE
	EndGlobalSection
	GlobalSection(NestedProjects) = preSolution
		{77CDE7D8-93C0-450E-8C50-0E52C112CF44} = {2230AE35-F53A-456F-ABA8-3503991A9E1C}
		{98F59C09-9347-48BF-90FA-D2F4DDBB0689} = {2230AE35-F53A-456F-ABA8-3503991A9E1C}
		{B8EF1697-657E-4A85-BBE9-7B6D11A647FD} = {51CEF2D9-098E-41A4-9655-80A8C948B42D}
		{DB2910F0-C00B-4EBF-BB97-D0D5C20C8021} = {77CDE7D8-93C0-450E-8C50-0E52C112CF44}
		{328B6993-9E4C-4173-A77F-C90AA6412B27} = {77CDE7D8-93C0-450E-8C50-0E52C112CF44}
		{27ED042C-23F5-4439-B4CB-FCB28731365B} = {98F59C09-9347-48BF-90FA-D2F4DDBB0689}
		{649C9032-F148-4062-BC69-37B48CDDD7D4} = {53A39A1C-C0BA-446C-873B-4123A12D9A91}
	EndGlobalSection
	GlobalSection(ExtensibilityGlobals) = postSolution
		SolutionGuid = {CA98E35A-4CB5-45A7-A7E2-4A2885817AA2}
	EndGlobalSection
EndGlobal
